
Microsoft Visual Studio Solution File, Format Version 12.00
# Visual Studio Version 17
VisualStudioVersion = 17.10.35122.118
MinimumVisualStudioVersion = 10.0.40219.1
Project("{9A19103F-16F7-4668-BE54-9A1E7A4F7556}") = "Foody.EntityLayer", "Foody.EntityLayer\Foody.EntityLayer.csproj", "{7D73182E-4C10-41D8-95D9-4AD5745257ED}"
EndProject
Project("{9A19103F-16F7-4668-BE54-9A1E7A4F7556}") = "Foody.DataAccessLayer", "Foody.DataAccessLayer\Foody.DataAccessLayer.csproj", "{EC1803DC-2D12-4585-BB33-DBE412BA1612}"
EndProject
Project("{FAE04EC0-301F-11D3-BF4B-00C04F79EFBC}") = "Foody.BusinessLayer", "Foody.BusinessLayer\Foody.BusinessLayer.csproj", "{77C8EF94-B7BD-465C-AE40-BA706B2DDA8E}"
EndProject
Project("{FAE04EC0-301F-11D3-BF4B-00C04F79EFBC}") = "Foody.PresentationLayer", "Foody.PresentationLayer\Foody.PresentationLayer.csproj", "{D38F85B9-C51B-4050-94CF-9E155042C8E4}"
EndProject
Global
	GlobalSection(SolutionConfigurationPlatforms) = preSolution
		Debug|Any CPU = Debug|Any CPU
		Release|Any CPU = Release|Any CPU
	EndGlobalSection
	GlobalSection(ProjectConfigurationPlatforms) = postSolution
		{7D73182E-4C10-41D8-95D9-4AD5745257ED}.Debug|Any CPU.ActiveCfg = Debug|Any CPU
		{7D73182E-4C10-41D8-95D9-4AD5745257ED}.Debug|Any CPU.Build.0 = Debug|Any CPU
		{7D73182E-4C10-41D8-95D9-4AD5745257ED}.Release|Any CPU.ActiveCfg = Release|Any CPU
		{7D73182E-4C10-41D8-95D9-4AD5745257ED}.Release|Any CPU.Build.0 = Release|Any CPU
		{EC1803DC-2D12-4585-BB33-DBE412BA1612}.Debug|Any CPU.ActiveCfg = Debug|Any CPU
		{EC1803DC-2D12-4585-BB33-DBE412BA1612}.Debug|Any CPU.Build.0 = Debug|Any CPU
		{EC1803DC-2D12-4585-BB33-DBE412BA1612}.Release|Any CPU.ActiveCfg = Release|Any CPU
		{EC1803DC-2D12-4585-BB33-DBE412BA1612}.Release|Any CPU.Build.0 = Release|Any CPU
		{77C8EF94-B7BD-465C-AE40-BA706B2DDA8E}.Debug|Any CPU.ActiveCfg = Debug|Any CPU
		{77C8EF94-B7BD-465C-AE40-BA706B2DDA8E}.Debug|Any CPU.Build.0 = Debug|Any CPU
		{77C8EF94-B7BD-465C-AE40-BA706B2DDA8E}.Release|Any CPU.ActiveCfg = Release|Any CPU
		{77C8EF94-B7BD-465C-AE40-BA706B2DDA8E}.Release|Any CPU.Build.0 = Release|Any CPU
		{D38F85B9-C51B-4050-94CF-9E155042C8E4}.Debug|Any CPU.ActiveCfg = Debug|Any CPU
		{D38F85B9-C51B-4050-94CF-9E155042C8E4}.Debug|Any CPU.Build.0 = Debug|Any CPU
		{D38F85B9-C51B-4050-94CF-9E155042C8E4}.Release|Any CPU.ActiveCfg = Release|Any CPU
		{D38F85B9-C51B-4050-94CF-9E155042C8E4}.Release|Any CPU.Build.0 = Release|Any CPU
	EndGlobalSection
	GlobalSection(SolutionProperties) = preSolution
		HideSolutionNode = FALSE
	EndGlobalSection
	GlobalSection(ExtensibilityGlobals) = postSolution
		SolutionGuid = {E6F78304-2C62-4E54-95E0-412463E9AA2F}
	EndGlobalSection
EndGlobal
